
Microsoft Visual Studio Solution File, Format Version 12.00
# Visual Studio Version 17
VisualStudioVersion = 17.9.34902.65
MinimumVisualStudioVersion = 10.0.40219.1
Project("{FAE04EC0-301F-11D3-BF4B-00C04F79EFBC}") = "Ovning_3", "Ovning_3\Ovning_3.csproj", "{BBCCAEB9-B0BF-46AD-889D-5DF227462C5B}"
EndProject
Global
	GlobalSection(SolutionConfigurationPlatforms) = preSolution
		Debug|Any CPU = Debug|Any CPU
		Release|Any CPU = Release|Any CPU
	EndGlobalSection
	GlobalSection(ProjectConfigurationPlatforms) = postSolution
		{BBCCAEB9-B0BF-46AD-889D-5DF227462C5B}.Debug|Any CPU.ActiveCfg = Debug|Any CPU
		{BBCCAEB9-B0BF-46AD-889D-5DF227462C5B}.Debug|Any CPU.Build.0 = Debug|Any CPU
		{BBCCAEB9-B0BF-46AD-889D-5DF227462C5B}.Release|Any CPU.ActiveCfg = Release|Any CPU
		{BBCCAEB9-B0BF-46AD-889D-5DF227462C5B}.Release|Any CPU.Build.0 = Release|Any CPU
	EndGlobalSection
	GlobalSection(SolutionProperties) = preSolution
		HideSolutionNode = FALSE
	EndGlobalSection
	GlobalSection(ExtensibilityGlobals) = postSolution
		SolutionGuid = {9C201EF4-E66D-4DE4-BBD3-5F0474292B56}
	EndGlobalSection
EndGlobal
